
Microsoft Visual Studio Solution File, Format Version 12.00
# Visual Studio Version 16
VisualStudioVersion = 16.0.29020.237
MinimumVisualStudioVersion = 10.0.40219.1
Project("{FAE04EC0-301F-11D3-BF4B-00C04F79EFBC}") = "MiGong", "MiGong\MiGong.csproj", "{8E9515D2-5097-4D1B-A075-A3CF64FC8A5E}"
EndProject
Global
	GlobalSection(SolutionConfigurationPlatforms) = preSolution
		Debug|Any CPU = Debug|Any CPU
		Release|Any CPU = Release|Any CPU
	EndGlobalSection
	GlobalSection(ProjectConfigurationPlatforms) = postSolution
		{8E9515D2-5097-4D1B-A075-A3CF64FC8A5E}.Debug|Any CPU.ActiveCfg = Debug|Any CPU
		{8E9515D2-5097-4D1B-A075-A3CF64FC8A5E}.Debug|Any CPU.Build.0 = Debug|Any CPU
		{8E9515D2-5097-4D1B-A075-A3CF64FC8A5E}.Release|Any CPU.ActiveCfg = Release|Any CPU
		{8E9515D2-5097-4D1B-A075-A3CF64FC8A5E}.Release|Any CPU.Build.0 = Release|Any CPU
	EndGlobalSection
	GlobalSection(SolutionProperties) = preSolution
		HideSolutionNode = FALSE
	EndGlobalSection
	GlobalSection(ExtensibilityGlobals) = postSolution
		SolutionGuid = {212FCC22-698C-4BCC-8C38-F6D17049C6BF}
	EndGlobalSection
EndGlobal
